<Solution>
  <Folder Name="/git/">
    <File Path=".gitattributes" />
    <File Path=".gitignore" />
  </Folder>
  <Folder Name="/others/">
    <File Path=".editorconfig" />
  </Folder>
  <Project Path="Mentor4U.Lib/Mentor4U.Lib.csproj" />
  <Project Path="Mentor4U.Web/Mentor4U.Web.csproj" />
</Solution>
